{
  "name": "@nater20k/brass-exchange-users",
  "version": "0.0.5",
  "lockfileVersion": 1,
  "requires": true,
  "dependencies": {
    "@nater20k/brass-exchange-instruments": {
      "version": "0.0.2",
      "resolved": "https://npm.pkg.github.com/download/@nater20k/brass-exchange-instruments/0.0.2/8f90874f940826df8b967ca69f4ce58d3efdddafe6f83677f83c6b20a6d647ae",
      "integrity": "sha512-SzHB8/RWtbpE+/v1MRfSu6JY1E+vaTyQJPmIkdPh9IS7MS25/IybHt3l+FvOqwVZ42sA/qU8nY0zj8fYE9XERQ==",
      "requires": {
        "tslib": "^2.0.0"
      }
    },
    "tslib": {
      "version": "2.0.1",
      "resolved": "https://registry.npmjs.org/tslib/-/tslib-2.0.1.tgz",
      "integrity": "sha512-SgIkNheinmEBgx1IUNirK0TUD4X9yjjBRTqqjggWCU3pUEqIk3/Uwl3yRixYKT6WjQuGiwDv4NomL3wqRCj+CQ=="
    }
  }
}
