{
  "name": "form-control",
  "version": "0.0.1",
  "lockfileVersion": 1,
  "requires": true,
  "dependencies": {
    "@angular/forms": {
      "version": "10.0.9",
      "resolved": "https://registry.npmjs.org/@angular/forms/-/forms-10.0.9.tgz",
      "integrity": "sha512-t/ZjPFHz5LLj5osvNTkBibcF5Y1XrOwmgX8e6FPl2OTM/NcEyqUPWQmcGhy1Wc7jxP6JVWSWLrqI5QKkATHSBA==",
      "requires": {
        "tslib": "^2.0.0"
      }
    },
    "tslib": {
      "version": "2.0.1",
      "resolved": "https://registry.npmjs.org/tslib/-/tslib-2.0.1.tgz",
      "integrity": "sha512-SgIkNheinmEBgx1IUNirK0TUD4X9yjjBRTqqjggWCU3pUEqIk3/Uwl3yRixYKT6WjQuGiwDv4NomL3wqRCj+CQ=="
    }
  }
}
