{
  "name": "@nater20k/form-control",
  "version": "1.0.5",
  "lockfileVersion": 1,
  "requires": true,
  "dependencies": {
    "@angular/forms": {
      "version": "10.2.3",
      "resolved": "https://registry.npmjs.org/@angular/forms/-/forms-10.2.3.tgz",
      "integrity": "sha512-IcQ0xK+f84khGAs6cd0BUJIebFV3KQsVF9kbAX10bpPmleI62xI074mIefAiu3ZLEOm3OnhYDDZwrrk7UIrmow==",
      "requires": {
        "tslib": "^2.0.0"
      }
    },
    "tslib": {
      "version": "2.0.3",
      "resolved": "https://registry.npmjs.org/tslib/-/tslib-2.0.3.tgz",
      "integrity": "sha512-uZtkfKblCEQtZKBF6EBXVZeQNl82yqtDQdv+eck8u7tdPxjLu2/lp5/uPW+um2tpuxINHWy3GhiccY7QgEaVHQ=="
    }
  }
}
